PODS:
  - HTKDragAndDropCollectionViewLayout (0.1.3)
  - lottie-ios (1.5.1)

DEPENDENCIES:
  - HTKDragAndDropCollectionViewLayout
  - lottie-ios

SPEC CHECKSUMS:
  HTKDragAndDropCollectionViewLayout: 57dd7380ed0c756f0e64d128c706b34934f96550
  lottie-ios: f680a7c4cb7a567ecf258fde0f967913aff111b8

PODFILE CHECKSUM: d6a26e869b436c1a092083c7b24d1a26c3c6d260

COCOAPODS: 1.1.1
